// !$*UTF8*$!
{
	archiveVersion = 1;
	classes = {
	};
	objectVersion = 46;
	objects = {

/* Begin PBXBuildFile section */
		DA4A6A3E1DFAF35A0047834F /* main.m in Sources */ = {isa = PBXBuildFile; fileRef = DA4A6A3D1DFAF35A0047834F /* main.m */; };
		DA4A6A411DFAF35A0047834F /* AppDelegate.m in Sources */ = {isa = PBXBuildFile; fileRef = DA4A6A401DFAF35A0047834F /* AppDelegate.m */; };
		DA4A6A441DFAF35A0047834F /* ViewController.m in Sources */ = {isa = PBXBuildFile; fileRef = DA4A6A431DFAF35A0047834F /* ViewController.m */; };
		DA4A6A471DFAF35A0047834F /* Main.storyboard in Resources */ = {isa = PBXBuildFile; fileRef = DA4A6A451DFAF35A0047834F /* Main.storyboard */; };
		DA4A6A4C1DFAF35A0047834F /* LaunchScreen.storyboard in Resources */ = {isa = PBXBuildFile; fileRef = DA4A6A4A1DFAF35A0047834F /* LaunchScreen.storyboard */; };
		DA4A6A561DFAF3860047834F /* LoginViewController.m in Sources */ = {isa = PBXBuildFile; fileRef = DA4A6A541DFAF3860047834F /* LoginViewController.m */; };
		DA4A6A5A1DFAF3CC0047834F /* LoginViewController.xib in Resources */ = {isa = PBXBuildFile; fileRef = DA4A6A591DFAF3CC0047834F /* LoginViewController.xib */; };
		DA4A6A5F1DFAF5C50047834F /* QuartzCore.framework in Frameworks */ = {isa = PBXBuildFile; fileRef = DA4A6A5E1DFAF5C50047834F /* QuartzCore.framework */; };
		DA4A6A631DFAF6E30047834F /* Member.m in Sources */ = {isa = PBXBuildFile; fileRef = DA4A6A621DFAF6E30047834F /* Member.m */; };
		DA4A6A671DFAFA2B0047834F /* MemberStore.m in Sources */ = {isa = PBXBuildFile; fileRef = DA4A6A661DFAFA2B0047834F /* MemberStore.m */; };
		DA4A6A6F1DFAFBB50047834F /* MembersTableViewController.m in Sources */ = {isa = PBXBuildFile; fileRef = DA4A6A6E1DFAFBB50047834F /* MembersTableViewController.m */; };
		DA4A6A771DFAFEAD0047834F /* DetailViewController.m in Sources */ = {isa = PBXBuildFile; fileRef = DA4A6A761DFAFEAD0047834F /* DetailViewController.m */; };
		DA4A6A7A1DFAFEEF0047834F /* DetailViewController.xib in Resources */ = {isa = PBXBuildFile; fileRef = DA4A6A791DFAFEEF0047834F /* DetailViewController.xib */; };
		DA4A6A7E1DFB00220047834F /* BookViewController.m in Sources */ = {isa = PBXBuildFile; fileRef = DA4A6A7D1DFB00220047834F /* BookViewController.m */; };
		DA4A6A811DFB00310047834F /* Book.m in Sources */ = {isa = PBXBuildFile; fileRef = DA4A6A801DFB00310047834F /* Book.m */; };
		DA4A6A831DFB003D0047834F /* BookViewController.xib in Resources */ = {isa = PBXBuildFile; fileRef = DA4A6A821DFB003D0047834F /* BookViewController.xib */; };
		DA4A6A891DFB06CF0047834F /* MembersTableViewCell.m in Sources */ = {isa = PBXBuildFile; fileRef = DA4A6A871DFB06CF0047834F /* MembersTableViewCell.m */; };
		DA4A6A8A1DFB06CF0047834F /* MembersTableViewCell.xib in Resources */ = {isa = PBXBuildFile; fileRef = DA4A6A881DFB06CF0047834F /* MembersTableViewCell.xib */; };
		DA4A6A941DFB0E1C0047834F /* IconsStore.m in Sources */ = {isa = PBXBuildFile; fileRef = DA4A6A931DFB0E1C0047834F /* IconsStore.m */; };
		DA4A6A961DFB100D0047834F /* Assets.xcassets in Resources */ = {isa = PBXBuildFile; fileRef = DA4A6A951DFB100D0047834F /* Assets.xcassets */; };
		DA4A6AA41DFB17090047834F /* IconsCollectionViewController.m in Sources */ = {isa = PBXBuildFile; fileRef = DA4A6AA21DFB17090047834F /* IconsCollectionViewController.m */; };
		DA860EA11DFB2C02001CB645 /* IconsCollectionViewCell.m in Sources */ = {isa = PBXBuildFile; fileRef = DA860E9F1DFB2C02001CB645 /* IconsCollectionViewCell.m */; };
		DA860EA21DFB2C02001CB645 /* IconsCollectionViewCell.xib in Resources */ = {isa = PBXBuildFile; fileRef = DA860EA01DFB2C02001CB645 /* IconsCollectionViewCell.xib */; };
		DA860EB31DFB3EC7001CB645 /* WinningViewController.m in Sources */ = {isa = PBXBuildFile; fileRef = DA860EB11DFB3EC7001CB645 /* WinningViewController.m */; };
		DA860EB41DFB3EC7001CB645 /* WinningViewController.xib in Resources */ = {isa = PBXBuildFile; fileRef = DA860EB21DFB3EC7001CB645 /* WinningViewController.xib */; };
		DA860EB71DFB4BCF001CB645 /* WinningStore.m in Sources */ = {isa = PBXBuildFile; fileRef = DA860EB61DFB4BCF001CB645 /* WinningStore.m */; };
/* End PBXBuildFile section */

/* Begin PBXFileReference section */
		DA4A6A391DFAF35A0047834F /* BookClubApp.app */ = {isa = PBXFileReference; explicitFileType = wrapper.application; includeInIndex = 0; path = BookClubApp.app; sourceTree = BUILT_PRODUCTS_DIR; };
		DA4A6A3D1DFAF35A0047834F /* main.m */ = {isa = PBXFileReference; lastKnownFileType = sourcecode.c.objc; path = main.m; sourceTree = "<group>"; };
		DA4A6A3F1DFAF35A0047834F /* AppDelegate.h */ = {isa = PBXFileReference; lastKnownFileType = sourcecode.c.h; path = AppDelegate.h; sourceTree = "<group>"; };
		DA4A6A401DFAF35A0047834F /* AppDelegate.m */ = {isa = PBXFileReference; lastKnownFileType = sourcecode.c.objc; path = AppDelegate.m; sourceTree = "<group>"; };
		DA4A6A421DFAF35A0047834F /* ViewController.h */ = {isa = PBXFileReference; lastKnownFileType = sourcecode.c.h; path = ViewController.h; sourceTree = "<group>"; };
		DA4A6A431DFAF35A0047834F /* ViewController.m */ = {isa = PBXFileReference; lastKnownFileType = sourcecode.c.objc; path = ViewController.m; sourceTree = "<group>"; };
		DA4A6A461DFAF35A0047834F /* Base */ = {isa = PBXFileReference; lastKnownFileType = file.storyboard; name = Base; path = Base.lproj/Main.storyboard; sourceTree = "<group>"; };
		DA4A6A4B1DFAF35A0047834F /* Base */ = {isa = PBXFileReference; lastKnownFileType = file.storyboard; name = Base; path = Base.lproj/LaunchScreen.storyboard; sourceTree = "<group>"; };
		DA4A6A4D1DFAF35A0047834F /* Info.plist */ = {isa = PBXFileReference; lastKnownFileType = text.plist.xml; path = Info.plist; sourceTree = "<group>"; };
		DA4A6A531DFAF3860047834F /* LoginViewController.h */ = {isa = PBXFileReference; fileEncoding = 4; lastKnownFileType = sourcecode.c.h; name = LoginViewController.h; path = LoginViewController/LoginViewController.h; sourceTree = "<group>"; };
		DA4A6A541DFAF3860047834F /* LoginViewController.m */ = {isa = PBXFileReference; fileEncoding = 4; lastKnownFileType = sourcecode.c.objc; name = LoginViewController.m; path = LoginViewController/LoginViewController.m; sourceTree = "<group>"; };
		DA4A6A591DFAF3CC0047834F /* LoginViewController.xib */ = {isa = PBXFileReference; fileEncoding = 4; lastKnownFileType = file.xib; path = LoginViewController.xib; sourceTree = "<group>"; };
		DA4A6A5E1DFAF5C50047834F /* QuartzCore.framework */ = {isa = PBXFileReference; lastKnownFileType = wrapper.framework; name = QuartzCore.framework; path = System/Library/Frameworks/QuartzCore.framework; sourceTree = SDKROOT; };
		DA4A6A611DFAF6E30047834F /* Member.h */ = {isa = PBXFileReference; fileEncoding = 4; lastKnownFileType = sourcecode.c.h; path = Member.h; sourceTree = "<group>"; };
		DA4A6A621DFAF6E30047834F /* Member.m */ = {isa = PBXFileReference; fileEncoding = 4; lastKnownFileType = sourcecode.c.objc; path = Member.m; sourceTree = "<group>"; };
		DA4A6A651DFAFA2B0047834F /* MemberStore.h */ = {isa = PBXFileReference; fileEncoding = 4; lastKnownFileType = sourcecode.c.h; path = MemberStore.h; sourceTree = "<group>"; };
		DA4A6A661DFAFA2B0047834F /* MemberStore.m */ = {isa = PBXFileReference; fileEncoding = 4; lastKnownFileType = sourcecode.c.objc; path = MemberStore.m; sourceTree = "<group>"; };
		DA4A6A6D1DFAFBB50047834F /* MembersTableViewController.h */ = {isa = PBXFileReference; fileEncoding = 4; lastKnownFileType = sourcecode.c.h; path = MembersTableViewController.h; sourceTree = "<group>"; };
		DA4A6A6E1DFAFBB50047834F /* MembersTableViewController.m */ = {isa = PBXFileReference; fileEncoding = 4; lastKnownFileType = sourcecode.c.objc; path = MembersTableViewController.m; sourceTree = "<group>"; };
		DA4A6A751DFAFEAD0047834F /* DetailViewController.h */ = {isa = PBXFileReference; fileEncoding = 4; lastKnownFileType = sourcecode.c.h; path = DetailViewController.h; sourceTree = "<group>"; };
		DA4A6A761DFAFEAD0047834F /* DetailViewController.m */ = {isa = PBXFileReference; fileEncoding = 4; lastKnownFileType = sourcecode.c.objc; path = DetailViewController.m; sourceTree = "<group>"; };
		DA4A6A791DFAFEEF0047834F /* DetailViewController.xib */ = {isa = PBXFileReference; fileEncoding = 4; lastKnownFileType = file.xib; path = DetailViewController.xib; sourceTree = "<group>"; };
		DA4A6A7C1DFB00220047834F /* BookViewController.h */ = {isa = PBXFileReference; fileEncoding = 4; lastKnownFileType = sourcecode.c.h; path = BookViewController.h; sourceTree = "<group>"; };
		DA4A6A7D1DFB00220047834F /* BookViewController.m */ = {isa = PBXFileReference; fileEncoding = 4; lastKnownFileType = sourcecode.c.objc; path = BookViewController.m; sourceTree = "<group>"; };
		DA4A6A7F1DFB00310047834F /* Book.h */ = {isa = PBXFileReference; fileEncoding = 4; lastKnownFileType = sourcecode.c.h; path = Book.h; sourceTree = "<group>"; };
		DA4A6A801DFB00310047834F /* Book.m */ = {isa = PBXFileReference; fileEncoding = 4; lastKnownFileType = sourcecode.c.objc; path = Book.m; sourceTree = "<group>"; };
		DA4A6A821DFB003D0047834F /* BookViewController.xib */ = {isa = PBXFileReference; fileEncoding = 4; lastKnownFileType = file.xib; path = BookViewController.xib; sourceTree = "<group>"; };
		DA4A6A861DFB06CF0047834F /* MembersTableViewCell.h */ = {isa = PBXFileReference; fileEncoding = 4; lastKnownFileType = sourcecode.c.h; path = MembersTableViewCell.h; sourceTree = "<group>"; };
		DA4A6A871DFB06CF0047834F /* MembersTableViewCell.m */ = {isa = PBXFileReference; fileEncoding = 4; lastKnownFileType = sourcecode.c.objc; path = MembersTableViewCell.m; sourceTree = "<group>"; };
		DA4A6A881DFB06CF0047834F /* MembersTableViewCell.xib */ = {isa = PBXFileReference; fileEncoding = 4; lastKnownFileType = file.xib; path = MembersTableViewCell.xib; sourceTree = "<group>"; };
		DA4A6A921DFB0E1C0047834F /* IconsStore.h */ = {isa = PBXFileReference; fileEncoding = 4; lastKnownFileType = sourcecode.c.h; path = IconsStore.h; sourceTree = "<group>"; };
		DA4A6A931DFB0E1C0047834F /* IconsStore.m */ = {isa = PBXFileReference; fileEncoding = 4; lastKnownFileType = sourcecode.c.objc; path = IconsStore.m; sourceTree = "<group>"; };
		DA4A6A951DFB100D0047834F /* Assets.xcassets */ = {isa = PBXFileReference; lastKnownFileType = folder.assetcatalog; path = Assets.xcassets; sourceTree = "<group>"; };
		DA4A6AA11DFB17090047834F /* IconsCollectionViewController.h */ = {isa = PBXFileReference; fileEncoding = 4; lastKnownFileType = sourcecode.c.h; path = IconsCollectionViewController.h; sourceTree = "<group>"; };
		DA4A6AA21DFB17090047834F /* IconsCollectionViewController.m */ = {isa = PBXFileReference; fileEncoding = 4; lastKnownFileType = sourcecode.c.objc; path = IconsCollectionViewController.m; sourceTree = "<group>"; };
		DA860E9E1DFB2C02001CB645 /* IconsCollectionViewCell.h */ = {isa = PBXFileReference; fileEncoding = 4; lastKnownFileType = sourcecode.c.h; path = IconsCollectionViewCell.h; sourceTree = "<group>"; };
		DA860E9F1DFB2C02001CB645 /* IconsCollectionViewCell.m */ = {isa = PBXFileReference; fileEncoding = 4; lastKnownFileType = sourcecode.c.objc; path = IconsCollectionViewCell.m; sourceTree = "<group>"; };
		DA860EA01DFB2C02001CB645 /* IconsCollectionViewCell.xib */ = {isa = PBXFileReference; fileEncoding = 4; lastKnownFileType = file.xib; path = IconsCollectionViewCell.xib; sourceTree = "<group>"; };
		DA860EB01DFB3EC7001CB645 /* WinningViewController.h */ = {isa = PBXFileReference; fileEncoding = 4; lastKnownFileType = sourcecode.c.h; path = WinningViewController.h; sourceTree = "<group>"; };
		DA860EB11DFB3EC7001CB645 /* WinningViewController.m */ = {isa = PBXFileReference; fileEncoding = 4; lastKnownFileType = sourcecode.c.objc; path = WinningViewController.m; sourceTree = "<group>"; };
		DA860EB21DFB3EC7001CB645 /* WinningViewController.xib */ = {isa = PBXFileReference; fileEncoding = 4; lastKnownFileType = file.xib; path = WinningViewController.xib; sourceTree = "<group>"; };
		DA860EB51DFB4BCF001CB645 /* WinningStore.h */ = {isa = PBXFileReference; fileEncoding = 4; lastKnownFileType = sourcecode.c.h; path = WinningStore.h; sourceTree = "<group>"; };
		DA860EB61DFB4BCF001CB645 /* WinningStore.m */ = {isa = PBXFileReference; fileEncoding = 4; lastKnownFileType = sourcecode.c.objc; path = WinningStore.m; sourceTree = "<group>"; };
/* End PBXFileReference section */

/* Begin PBXFrameworksBuildPhase section */
		DA4A6A361DFAF3590047834F /* Frameworks */ = {
			isa = PBXFrameworksBuildPhase;
			buildActionMask = 2147483647;
			files = (
				DA4A6A5F1DFAF5C50047834F /* QuartzCore.framework in Frameworks */,
			);
			runOnlyForDeploymentPostprocessing = 0;
		};
/* End PBXFrameworksBuildPhase section */

/* Begin PBXGroup section */
		DA4A6A301DFAF3590047834F = {
			isa = PBXGroup;
			children = (
				DA4A6A3B1DFAF35A0047834F /* BookClubApp */,
				DA4A6A3A1DFAF35A0047834F /* Products */,
				DA4A6A5D1DFAF5C50047834F /* Frameworks */,
			);
			sourceTree = "<group>";
		};
		DA4A6A3A1DFAF35A0047834F /* Products */ = {
			isa = PBXGroup;
			children = (
				DA4A6A391DFAF35A0047834F /* BookClubApp.app */,
			);
			name = Products;
			sourceTree = "<group>";
		};
		DA4A6A3B1DFAF35A0047834F /* BookClubApp */ = {
			isa = PBXGroup;
			children = (
				DA4A6A951DFB100D0047834F /* Assets.xcassets */,
				DA4A6A3C1DFAF35A0047834F /* Supporting Files */,
				DA4A6A601DFAF6C20047834F /* Stuff */,
				DA4A6A3F1DFAF35A0047834F /* AppDelegate.h */,
				DA4A6A401DFAF35A0047834F /* AppDelegate.m */,
				DA4A6A7B1DFB00090047834F /* Book */,
				DA4A6A581DFAF38B0047834F /* Login View Controller */,
				DA4A6A641DFAF6E60047834F /* Member */,
				DA4A6A6C1DFAFB5B0047834F /* MembersTableViewController */,
				DA4A6A781DFAFEB10047834F /* Detail View Controller */,
				DA4A6A911DFB0DE60047834F /* IconsCollectionVC */,
				DA860EAF1DFB3E83001CB645 /* Winnig Dashboard */,
			);
			path = BookClubApp;
			sourceTree = "<group>";
		};
		DA4A6A3C1DFAF35A0047834F /* Supporting Files */ = {
			isa = PBXGroup;
			children = (
				DA4A6A3D1DFAF35A0047834F /* main.m */,
			);
			name = "Supporting Files";
			sourceTree = "<group>";
		};
		DA4A6A581DFAF38B0047834F /* Login View Controller */ = {
			isa = PBXGroup;
			children = (
				DA4A6A531DFAF3860047834F /* LoginViewController.h */,
				DA4A6A541DFAF3860047834F /* LoginViewController.m */,
				DA4A6A591DFAF3CC0047834F /* LoginViewController.xib */,
			);
			name = "Login View Controller";
			sourceTree = "<group>";
		};
		DA4A6A5D1DFAF5C50047834F /* Frameworks */ = {
			isa = PBXGroup;
			children = (
				DA4A6A5E1DFAF5C50047834F /* QuartzCore.framework */,
			);
			name = Frameworks;
			sourceTree = "<group>";
		};
		DA4A6A601DFAF6C20047834F /* Stuff */ = {
			isa = PBXGroup;
			children = (
				DA4A6A421DFAF35A0047834F /* ViewController.h */,
				DA4A6A431DFAF35A0047834F /* ViewController.m */,
				DA4A6A451DFAF35A0047834F /* Main.storyboard */,
				DA4A6A4A1DFAF35A0047834F /* LaunchScreen.storyboard */,
				DA4A6A4D1DFAF35A0047834F /* Info.plist */,
			);
			name = Stuff;
			sourceTree = "<group>";
		};
		DA4A6A641DFAF6E60047834F /* Member */ = {
			isa = PBXGroup;
			children = (
				DA4A6A611DFAF6E30047834F /* Member.h */,
				DA4A6A621DFAF6E30047834F /* Member.m */,
				DA4A6A651DFAFA2B0047834F /* MemberStore.h */,
				DA4A6A661DFAFA2B0047834F /* MemberStore.m */,
			);
			name = Member;
			sourceTree = "<group>";
		};
		DA4A6A6C1DFAFB5B0047834F /* MembersTableViewController */ = {
			isa = PBXGroup;
			children = (
				DA4A6A6D1DFAFBB50047834F /* MembersTableViewController.h */,
				DA4A6A6E1DFAFBB50047834F /* MembersTableViewController.m */,
				DA4A6A861DFB06CF0047834F /* MembersTableViewCell.h */,
				DA4A6A871DFB06CF0047834F /* MembersTableViewCell.m */,
				DA4A6A881DFB06CF0047834F /* MembersTableViewCell.xib */,
			);
			name = MembersTableViewController;
			sourceTree = "<group>";
		};
		DA4A6A781DFAFEB10047834F /* Detail View Controller */ = {
			isa = PBXGroup;
			children = (
				DA4A6A751DFAFEAD0047834F /* DetailViewController.h */,
				DA4A6A761DFAFEAD0047834F /* DetailViewController.m */,
				DA4A6A791DFAFEEF0047834F /* DetailViewController.xib */,
			);
			name = "Detail View Controller";
			sourceTree = "<group>";
		};
		DA4A6A7B1DFB00090047834F /* Book */ = {
			isa = PBXGroup;
			children = (
				DA4A6A7C1DFB00220047834F /* BookViewController.h */,
				DA4A6A7D1DFB00220047834F /* BookViewController.m */,
				DA4A6A821DFB003D0047834F /* BookViewController.xib */,
				DA4A6A7F1DFB00310047834F /* Book.h */,
				DA4A6A801DFB00310047834F /* Book.m */,
			);
			name = Book;
			sourceTree = "<group>";
		};
		DA4A6A911DFB0DE60047834F /* IconsCollectionVC */ = {
			isa = PBXGroup;
			children = (
				DA4A6A921DFB0E1C0047834F /* IconsStore.h */,
				DA4A6A931DFB0E1C0047834F /* IconsStore.m */,
				DA860E9E1DFB2C02001CB645 /* IconsCollectionViewCell.h */,
				DA860E9F1DFB2C02001CB645 /* IconsCollectionViewCell.m */,
				DA860EA01DFB2C02001CB645 /* IconsCollectionViewCell.xib */,
				DA4A6AA11DFB17090047834F /* IconsCollectionViewController.h */,
				DA4A6AA21DFB17090047834F /* IconsCollectionViewController.m */,
			);
			name = IconsCollectionVC;
			sourceTree = "<group>";
		};
		DA860EAF1DFB3E83001CB645 /* Winnig Dashboard */ = {
			isa = PBXGroup;
			children = (
				DA860EB01DFB3EC7001CB645 /* WinningViewController.h */,
				DA860EB11DFB3EC7001CB645 /* WinningViewController.m */,
				DA860EB21DFB3EC7001CB645 /* WinningViewController.xib */,
				DA860EB51DFB4BCF001CB645 /* WinningStore.h */,
				DA860EB61DFB4BCF001CB645 /* WinningStore.m */,
			);
			name = "Winnig Dashboard";
			sourceTree = "<group>";
		};
/* End PBXGroup section */

/* Begin PBXNativeTarget section */
		DA4A6A381DFAF3590047834F /* BookClubApp */ = {
			isa = PBXNativeTarget;
			buildConfigurationList = DA4A6A501DFAF35A0047834F /* Build configuration list for PBXNativeTarget "BookClubApp" */;
			buildPhases = (
				DA4A6A351DFAF3590047834F /* Sources */,
				DA4A6A361DFAF3590047834F /* Frameworks */,
				DA4A6A371DFAF3590047834F /* Resources */,
			);
			buildRules = (
			);
			dependencies = (
			);
			name = BookClubApp;
			productName = BookClubApp;
			productReference = DA4A6A391DFAF35A0047834F /* BookClubApp.app */;
			productType = "com.apple.product-type.application";
		};
/* End PBXNativeTarget section */

/* Begin PBXProject section */
		DA4A6A311DFAF3590047834F /* Project object */ = {
			isa = PBXProject;
			attributes = {
				LastUpgradeCheck = 0800;
				ORGANIZATIONNAME = Leksha;
				TargetAttributes = {
					DA4A6A381DFAF3590047834F = {
						CreatedOnToolsVersion = 8.0;
						DevelopmentTeam = CX25BWRXAW;
						ProvisioningStyle = Automatic;
					};
				};
			};
			buildConfigurationList = DA4A6A341DFAF3590047834F /* Build configuration list for PBXProject "BookClubApp" */;
			compatibilityVersion = "Xcode 3.2";
			developmentRegion = English;
			hasScannedForEncodings = 0;
			knownRegions = (
				en,
				Base,
			);
			mainGroup = DA4A6A301DFAF3590047834F;
			productRefGroup = DA4A6A3A1DFAF35A0047834F /* Products */;
			projectDirPath = "";
			projectRoot = "";
			targets = (
				DA4A6A381DFAF3590047834F /* BookClubApp */,
			);
		};
/* End PBXProject section */

/* Begin PBXResourcesBuildPhase section */
		DA4A6A371DFAF3590047834F /* Resources */ = {
			isa = PBXResourcesBuildPhase;
			buildActionMask = 2147483647;
			files = (
				DA860EB41DFB3EC7001CB645 /* WinningViewController.xib in Resources */,
				DA4A6A7A1DFAFEEF0047834F /* DetailViewController.xib in Resources */,
				DA4A6A831DFB003D0047834F /* BookViewController.xib in Resources */,
				DA4A6A4C1DFAF35A0047834F /* LaunchScreen.storyboard in Resources */,
				DA4A6A8A1DFB06CF0047834F /* MembersTableViewCell.xib in Resources */,
				DA4A6A961DFB100D0047834F /* Assets.xcassets in Resources */,
				DA4A6A471DFAF35A0047834F /* Main.storyboard in Resources */,
				DA4A6A5A1DFAF3CC0047834F /* LoginViewController.xib in Resources */,
				DA860EA21DFB2C02001CB645 /* IconsCollectionViewCell.xib in Resources */,
			);
			runOnlyForDeploymentPostprocessing = 0;
		};
/* End PBXResourcesBuildPhase section */

/* Begin PBXSourcesBuildPhase section */
		DA4A6A351DFAF3590047834F /* Sources */ = {
			isa = PBXSourcesBuildPhase;
			buildActionMask = 2147483647;
			files = (
				DA860EB71DFB4BCF001CB645 /* WinningStore.m in Sources */,
				DA4A6A941DFB0E1C0047834F /* IconsStore.m in Sources */,
				DA4A6A561DFAF3860047834F /* LoginViewController.m in Sources */,
				DA4A6A441DFAF35A0047834F /* ViewController.m in Sources */,
				DA4A6A771DFAFEAD0047834F /* DetailViewController.m in Sources */,
				DA4A6A6F1DFAFBB50047834F /* MembersTableViewController.m in Sources */,
				DA860EB31DFB3EC7001CB645 /* WinningViewController.m in Sources */,
				DA4A6AA41DFB17090047834F /* IconsCollectionViewController.m in Sources */,
				DA4A6A811DFB00310047834F /* Book.m in Sources */,
				DA860EA11DFB2C02001CB645 /* IconsCollectionViewCell.m in Sources */,
				DA4A6A411DFAF35A0047834F /* AppDelegate.m in Sources */,
				DA4A6A7E1DFB00220047834F /* BookViewController.m in Sources */,
				DA4A6A671DFAFA2B0047834F /* MemberStore.m in Sources */,
				DA4A6A3E1DFAF35A0047834F /* main.m in Sources */,
				DA4A6A631DFAF6E30047834F /* Member.m in Sources */,
				DA4A6A891DFB06CF0047834F /* MembersTableViewCell.m in Sources */,
			);
			runOnlyForDeploymentPostprocessing = 0;
		};
/* End PBXSourcesBuildPhase section */

/* Begin PBXVariantGroup section */
		DA4A6A451DFAF35A0047834F /* Main.storyboard */ = {
			isa = PBXVariantGroup;
			children = (
				DA4A6A461DFAF35A0047834F /* Base */,
			);
			name = Main.storyboard;
			sourceTree = "<group>";
		};
		DA4A6A4A1DFAF35A0047834F /* LaunchScreen.storyboard */ = {
			isa = PBXVariantGroup;
			children = (
				DA4A6A4B1DFAF35A0047834F /* Base */,
			);
			name = LaunchScreen.storyboard;
			sourceTree = "<group>";
		};
/* End PBXVariantGroup section */

/* Begin XCBuildConfiguration section */
		DA4A6A4E1DFAF35A0047834F /* Debug */ = {
			isa = XCBuildConfiguration;
			buildSettings = {
				ALWAYS_SEARCH_USER_PATHS = NO;
				CLANG_ANALYZER_NONNULL = YES;
				CLANG_CXX_LANGUAGE_STANDARD = "gnu++0x";
				CLANG_CXX_LIBRARY = "libc++";
				CLANG_ENABLE_MODULES = YES;
				CLANG_ENABLE_OBJC_ARC = YES;
				CLANG_WARN_BOOL_CONVERSION = YES;
				CLANG_WARN_CONSTANT_CONVERSION = YES;
				CLANG_WARN_DIRECT_OBJC_ISA_USAGE = YES_ERROR;
				CLANG_WARN_DOCUMENTATION_COMMENTS = YES;
				CLANG_WARN_EMPTY_BODY = YES;
				CLANG_WARN_ENUM_CONVERSION = YES;
				CLANG_WARN_INFINITE_RECURSION = YES;
				CLANG_WARN_INT_CONVERSION = YES;
				CLANG_WARN_OBJC_ROOT_CLASS = YES_ERROR;
				CLANG_WARN_SUSPICIOUS_MOVES = YES;
				CLANG_WARN_UNREACHABLE_CODE = YES;
				CLANG_WARN__DUPLICATE_METHOD_MATCH = YES;
				"CODE_SIGN_IDENTITY[sdk=iphoneos*]" = "iPhone Developer";
				COPY_PHASE_STRIP = NO;
				DEBUG_INFORMATION_FORMAT = dwarf;
				ENABLE_STRICT_OBJC_MSGSEND = YES;
				ENABLE_TESTABILITY = YES;
				GCC_C_LANGUAGE_STANDARD = gnu99;
				GCC_DYNAMIC_NO_PIC = NO;
				GCC_NO_COMMON_BLOCKS = YES;
				GCC_OPTIMIZATION_LEVEL = 0;
				GCC_PREPROCESSOR_DEFINITIONS = (
					"DEBUG=1",
					"$(inherited)",
				);
				GCC_WARN_64_TO_32_BIT_CONVERSION = YES;
				GCC_WARN_ABOUT_RETURN_TYPE = YES_ERROR;
				GCC_WARN_UNDECLARED_SELECTOR = YES;
				GCC_WARN_UNINITIALIZED_AUTOS = YES_AGGRESSIVE;
				GCC_WARN_UNUSED_FUNCTION = YES;
				GCC_WARN_UNUSED_VARIABLE = YES;
				IPHONEOS_DEPLOYMENT_TARGET = 10.0;
				MTL_ENABLE_DEBUG_INFO = YES;
				ONLY_ACTIVE_ARCH = YES;
				SDKROOT = iphoneos;
			};
			name = Debug;
		};
		DA4A6A4F1DFAF35A0047834F /* Release */ = {
			isa = XCBuildConfiguration;
			buildSettings = {
				ALWAYS_SEARCH_USER_PATHS = NO;
				CLANG_ANALYZER_NONNULL = YES;
				CLANG_CXX_LANGUAGE_STANDARD = "gnu++0x";
				CLANG_CXX_LIBRARY = "libc++";
				CLANG_ENABLE_MODULES = YES;
				CLANG_ENABLE_OBJC_ARC = YES;
				CLANG_WARN_BOOL_CONVERSION = YES;
				CLANG_WARN_CONSTANT_CONVERSION = YES;
				CLANG_WARN_DIRECT_OBJC_ISA_USAGE = YES_ERROR;
				CLANG_WARN_DOCUMENTATION_COMMENTS = YES;
				CLANG_WARN_EMPTY_BODY = YES;
				CLANG_WARN_ENUM_CONVERSION = YES;
				CLANG_WARN_INFINITE_RECURSION = YES;
				CLANG_WARN_INT_CONVERSION = YES;
				CLANG_WARN_OBJC_ROOT_CLASS = YES_ERROR;
				CLANG_WARN_SUSPICIOUS_MOVES = YES;
				CLANG_WARN_UNREACHABLE_CODE = YES;
				CLANG_WARN__DUPLICATE_METHOD_MATCH = YES;
				"CODE_SIGN_IDENTITY[sdk=iphoneos*]" = "iPhone Developer";
				COPY_PHASE_STRIP = NO;
				DEBUG_INFORMATION_FORMAT = "dwarf-with-dsym";
				ENABLE_NS_ASSERTIONS = NO;
				ENABLE_STRICT_OBJC_MSGSEND = YES;
				GCC_C_LANGUAGE_STANDARD = gnu99;
				GCC_NO_COMMON_BLOCKS = YES;
				GCC_WARN_64_TO_32_BIT_CONVERSION = YES;
				GCC_WARN_ABOUT_RETURN_TYPE = YES_ERROR;
				GCC_WARN_UNDECLARED_SELECTOR = YES;
				GCC_WARN_UNINITIALIZED_AUTOS = YES_AGGRESSIVE;
				GCC_WARN_UNUSED_FUNCTION = YES;
				GCC_WARN_UNUSED_VARIABLE = YES;
				IPHONEOS_DEPLOYMENT_TARGET = 10.0;
				MTL_ENABLE_DEBUG_INFO = NO;
				SDKROOT = iphoneos;
				VALIDATE_PRODUCT = YES;
			};
			name = Release;
		};
		DA4A6A511DFAF35A0047834F /* Debug */ = {
			isa = XCBuildConfiguration;
			buildSettings = {
				ASSETCATALOG_COMPILER_APPICON_NAME = AppIcon;
				DEVELOPMENT_TEAM = CX25BWRXAW;
				INFOPLIST_FILE = BookClubApp/Info.plist;
				LD_RUNPATH_SEARCH_PATHS = "$(inherited) @executable_path/Frameworks";
				PRODUCT_BUNDLE_IDENTIFIER = Leksha.BookClubApp;
				PRODUCT_NAME = "$(TARGET_NAME)";
			};
			name = Debug;
		};
		DA4A6A521DFAF35A0047834F /* Release */ = {
			isa = XCBuildConfiguration;
			buildSettings = {
				ASSETCATALOG_COMPILER_APPICON_NAME = AppIcon;
				DEVELOPMENT_TEAM = CX25BWRXAW;
				INFOPLIST_FILE = BookClubApp/Info.plist;
				LD_RUNPATH_SEARCH_PATHS = "$(inherited) @executable_path/Frameworks";
				PRODUCT_BUNDLE_IDENTIFIER = Leksha.BookClubApp;
				PRODUCT_NAME = "$(TARGET_NAME)";
			};
			name = Release;
		};
/* End XCBuildConfiguration section */

/* Begin XCConfigurationList section */
		DA4A6A341DFAF3590047834F /* Build configuration list for PBXProject "BookClubApp" */ = {
			isa = XCConfigurationList;
			buildConfigurations = (
				DA4A6A4E1DFAF35A0047834F /* Debug */,
				DA4A6A4F1DFAF35A0047834F /* Release */,
			);
			defaultConfigurationIsVisible = 0;
			defaultConfigurationName = Release;
		};
		DA4A6A501DFAF35A0047834F /* Build configuration list for PBXNativeTarget "BookClubApp" */ = {
			isa = XCConfigurationList;
			buildConfigurations = (
				DA4A6A511DFAF35A0047834F /* Debug */,
				DA4A6A521DFAF35A0047834F /* Release */,
			);
			defaultConfigurationIsVisible = 0;
			defaultConfigurationName = Release;
		};
/* End XCConfigurationList section */
	};
	rootObject = DA4A6A311DFAF3590047834F /* Project object */;
}
